
Microsoft Visual Studio Solution File, Format Version 12.00
# Visual Studio Version 17
VisualStudioVersion = 17.12.35527.113
MinimumVisualStudioVersion = 10.0.40219.1
Project("{FAE04EC0-301F-11D3-BF4B-00C04F79EFBC}") = "Demo", "Demo\Demo.csproj", "{2596729F-B958-414E-9FB3-C1D9C9371A13}"
EndProject
Project("{FAE04EC0-301F-11D3-BF4B-00C04F79EFBC}") = "Assignment", "Assignment\Assignment.csproj", "{3E31CFCA-5605-4A3C-BA97-1F35BB2E0767}"
EndProject
Global
	GlobalSection(SolutionConfigurationPlatforms) = preSolution
		Debug|Any CPU = Debug|Any CPU
		Release|Any CPU = Release|Any CPU
	EndGlobalSection
	GlobalSection(ProjectConfigurationPlatforms) = postSolution
		{2596729F-B958-414E-9FB3-C1D9C9371A13}.Debug|Any CPU.ActiveCfg = Debug|Any CPU
		{2596729F-B958-414E-9FB3-C1D9C9371A13}.Debug|Any CPU.Build.0 = Debug|Any CPU
		{2596729F-B958-414E-9FB3-C1D9C9371A13}.Release|Any CPU.ActiveCfg = Release|Any CPU
		{2596729F-B958-414E-9FB3-C1D9C9371A13}.Release|Any CPU.Build.0 = Release|Any CPU
		{3E31CFCA-5605-4A3C-BA97-1F35BB2E0767}.Debug|Any CPU.ActiveCfg = Debug|Any CPU
		{3E31CFCA-5605-4A3C-BA97-1F35BB2E0767}.Debug|Any CPU.Build.0 = Debug|Any CPU
		{3E31CFCA-5605-4A3C-BA97-1F35BB2E0767}.Release|Any CPU.ActiveCfg = Release|Any CPU
		{3E31CFCA-5605-4A3C-BA97-1F35BB2E0767}.Release|Any CPU.Build.0 = Release|Any CPU
	EndGlobalSection
	GlobalSection(SolutionProperties) = preSolution
		HideSolutionNode = FALSE
	EndGlobalSection
EndGlobal
